// !$*UTF8*$!
{
	archiveVersion = 1;
	classes = {
	};
	objectVersion = 55;
	objects = {

/* Begin PBXBuildFile section */
		30FC4AE62792331200D67A53 /* AppDelegate.swift in Sources */ = {isa = PBXBuildFile; fileRef = 30FC4AE52792331200D67A53 /* AppDelegate.swift */; };
		30FC4AE82792331200D67A53 /* SceneDelegate.swift in Sources */ = {isa = PBXBuildFile; fileRef = 30FC4AE72792331200D67A53 /* SceneDelegate.swift */; };
		30FC4AEA2792331200D67A53 /* ViewController.swift in Sources */ = {isa = PBXBuildFile; fileRef = 30FC4AE92792331200D67A53 /* ViewController.swift */; };
		30FC4AED2792331200D67A53 /* Main.storyboard in Resources */ = {isa = PBXBuildFile; fileRef = 30FC4AEB2792331200D67A53 /* Main.storyboard */; };
		30FC4AEF2792331300D67A53 /* Assets.xcassets in Resources */ = {isa = PBXBuildFile; fileRef = 30FC4AEE2792331300D67A53 /* Assets.xcassets */; };
		30FC4AF22792331300D67A53 /* LaunchScreen.storyboard in Resources */ = {isa = PBXBuildFile; fileRef = 30FC4AF02792331300D67A53 /* LaunchScreen.storyboard */; };
		30FC4AFD2792331300D67A53 /* You_Are_AwesomeTests.swift in Sources */ = {isa = PBXBuildFile; fileRef = 30FC4AFC2792331300D67A53 /* You_Are_AwesomeTests.swift */; };
		30FC4B072792331300D67A53 /* You_Are_AwesomeUITests.swift in Sources */ = {isa = PBXBuildFile; fileRef = 30FC4B062792331300D67A53 /* You_Are_AwesomeUITests.swift */; };
		30FC4B092792331300D67A53 /* You_Are_AwesomeUITestsLaunchTests.swift in Sources */ = {isa = PBXBuildFile; fileRef = 30FC4B082792331300D67A53 /* You_Are_AwesomeUITestsLaunchTests.swift */; };
/* End PBXBuildFile section */

/* Begin PBXContainerItemProxy section */
		30FC4AF92792331300D67A53 /* PBXContainerItemProxy */ = {
			isa = PBXContainerItemProxy;
			containerPortal = 30FC4ADA2792331200D67A53 /* Project object */;
			proxyType = 1;
			remoteGlobalIDString = 30FC4AE12792331200D67A53;
			remoteInfo = "You Are Awesome";
		};
		30FC4B032792331300D67A53 /* PBXContainerItemProxy */ = {
			isa = PBXContainerItemProxy;
			containerPortal = 30FC4ADA2792331200D67A53 /* Project object */;
			proxyType = 1;
			remoteGlobalIDString = 30FC4AE12792331200D67A53;
			remoteInfo = "You Are Awesome";
		};
/* End PBXContainerItemProxy section */

/* Begin PBXFileReference section */
		30FC4AE22792331200D67A53 /* You Are Awesome.app */ = {isa = PBXFileReference; explicitFileType = wrapper.application; includeInIndex = 0; path = "You Are Awesome.app"; sourceTree = BUILT_PRODUCTS_DIR; };
		30FC4AE52792331200D67A53 /* AppDelegate.swift */ = {isa = PBXFileReference; lastKnownFileType = sourcecode.swift; path = AppDelegate.swift; sourceTree = "<group>"; };
		30FC4AE72792331200D67A53 /* SceneDelegate.swift */ = {isa = PBXFileReference; lastKnownFileType = sourcecode.swift; path = SceneDelegate.swift; sourceTree = "<group>"; };
		30FC4AE92792331200D67A53 /* ViewController.swift */ = {isa = PBXFileReference; lastKnownFileType = sourcecode.swift; path = ViewController.swift; sourceTree = "<group>"; };
		30FC4AEC2792331200D67A53 /* Base */ = {isa = PBXFileReference; lastKnownFileType = file.storyboard; name = Base; path = Base.lproj/Main.storyboard; sourceTree = "<group>"; };
		30FC4AEE2792331300D67A53 /* Assets.xcassets */ = {isa = PBXFileReference; lastKnownFileType = folder.assetcatalog; path = Assets.xcassets; sourceTree = "<group>"; };
		30FC4AF12792331300D67A53 /* Base */ = {isa = PBXFileReference; lastKnownFileType = file.storyboard; name = Base; path = Base.lproj/LaunchScreen.storyboard; sourceTree = "<group>"; };
		30FC4AF32792331300D67A53 /* Info.plist */ = {isa = PBXFileReference; lastKnownFileType = text.plist.xml; path = Info.plist; sourceTree = "<group>"; };
		30FC4AF82792331300D67A53 /* You Are AwesomeTests.xctest */ = {isa = PBXFileReference; explicitFileType = wrapper.cfbundle; includeInIndex = 0; path = "You Are AwesomeTests.xctest"; sourceTree = BUILT_PRODUCTS_DIR; };
		30FC4AFC2792331300D67A53 /* You_Are_AwesomeTests.swift */ = {isa = PBXFileReference; lastKnownFileType = sourcecode.swift; path = You_Are_AwesomeTests.swift; sourceTree = "<group>"; };
		30FC4B022792331300D67A53 /* You Are AwesomeUITests.xctest */ = {isa = PBXFileReference; explicitFileType = wrapper.cfbundle; includeInIndex = 0; path = "You Are AwesomeUITests.xctest"; sourceTree = BUILT_PRODUCTS_DIR; };
		30FC4B062792331300D67A53 /* You_Are_AwesomeUITests.swift */ = {isa = PBXFileReference; lastKnownFileType = sourcecode.swift; path = You_Are_AwesomeUITests.swift; sourceTree = "<group>"; };
		30FC4B082792331300D67A53 /* You_Are_AwesomeUITestsLaunchTests.swift */ = {isa = PBXFileReference; lastKnownFileType = sourcecode.swift; path = You_Are_AwesomeUITestsLaunchTests.swift; sourceTree = "<group>"; };
/* End PBXFileReference section */

/* Begin PBXFrameworksBuildPhase section */
		30FC4ADF2792331200D67A53 /* Frameworks */ = {
			isa = PBXFrameworksBuildPhase;
			buildActionMask = 2147483647;
			files = (
			);
			runOnlyForDeploymentPostprocessing = 0;
		};
		30FC4AF52792331300D67A53 /* Frameworks */ = {
			isa = PBXFrameworksBuildPhase;
			buildActionMask = 2147483647;
			files = (
			);
			runOnlyForDeploymentPostprocessing = 0;
		};
		30FC4AFF2792331300D67A53 /* Frameworks */ = {
			isa = PBXFrameworksBuildPhase;
			buildActionMask = 2147483647;
			files = (
			);
			runOnlyForDeploymentPostprocessing = 0;
		};
/* End PBXFrameworksBuildPhase section */

/* Begin PBXGroup section */
		30FC4AD92792331200D67A53 = {
			isa = PBXGroup;
			children = (
				30FC4AE42792331200D67A53 /* You Are Awesome */,
				30FC4AFB2792331300D67A53 /* You Are AwesomeTests */,
				30FC4B052792331300D67A53 /* You Are AwesomeUITests */,
				30FC4AE32792331200D67A53 /* Products */,
			);
			sourceTree = "<group>";
		};
		30FC4AE32792331200D67A53 /* Products */ = {
			isa = PBXGroup;
			children = (
				30FC4AE22792331200D67A53 /* You Are Awesome.app */,
				30FC4AF82792331300D67A53 /* You Are AwesomeTests.xctest */,
				30FC4B022792331300D67A53 /* You Are AwesomeUITests.xctest */,
			);
			name = Products;
			sourceTree = "<group>";
		};
		30FC4AE42792331200D67A53 /* You Are Awesome */ = {
			isa = PBXGroup;
			children = (
				30FC4AE52792331200D67A53 /* AppDelegate.swift */,
				30FC4AE72792331200D67A53 /* SceneDelegate.swift */,
				30FC4AE92792331200D67A53 /* ViewController.swift */,
				30FC4AEB2792331200D67A53 /* Main.storyboard */,
				30FC4AEE2792331300D67A53 /* Assets.xcassets */,
				30FC4AF02792331300D67A53 /* LaunchScreen.storyboard */,
				30FC4AF32792331300D67A53 /* Info.plist */,
			);
			path = "You Are Awesome";
			sourceTree = "<group>";
		};
		30FC4AFB2792331300D67A53 /* You Are AwesomeTests */ = {
			isa = PBXGroup;
			children = (
				30FC4AFC2792331300D67A53 /* You_Are_AwesomeTests.swift */,
			);
			path = "You Are AwesomeTests";
			sourceTree = "<group>";
		};
		30FC4B052792331300D67A53 /* You Are AwesomeUITests */ = {
			isa = PBXGroup;
			children = (
				30FC4B062792331300D67A53 /* You_Are_AwesomeUITests.swift */,
				30FC4B082792331300D67A53 /* You_Are_AwesomeUITestsLaunchTests.swift */,
			);
			path = "You Are AwesomeUITests";
			sourceTree = "<group>";
		};
/* End PBXGroup section */

/* Begin PBXNativeTarget section */
		30FC4AE12792331200D67A53 /* You Are Awesome */ = {
			isa = PBXNativeTarget;
			buildConfigurationList = 30FC4B0C2792331300D67A53 /* Build configuration list for PBXNativeTarget "You Are Awesome" */;
			buildPhases = (
				30FC4ADE2792331200D67A53 /* Sources */,
				30FC4ADF2792331200D67A53 /* Frameworks */,
				30FC4AE02792331200D67A53 /* Resources */,
			);
			buildRules = (
			);
			dependencies = (
			);
			name = "You Are Awesome";
			productName = "You Are Awesome";
			productReference = 30FC4AE22792331200D67A53 /* You Are Awesome.app */;
			productType = "com.apple.product-type.application";
		};
		30FC4AF72792331300D67A53 /* You Are AwesomeTests */ = {
			isa = PBXNativeTarget;
			buildConfigurationList = 30FC4B0F2792331300D67A53 /* Build configuration list for PBXNativeTarget "You Are AwesomeTests" */;
			buildPhases = (
				30FC4AF42792331300D67A53 /* Sources */,
				30FC4AF52792331300D67A53 /* Frameworks */,
				30FC4AF62792331300D67A53 /* Resources */,
			);
			buildRules = (
			);
			dependencies = (
				30FC4AFA2792331300D67A53 /* PBXTargetDependency */,
			);
			name = "You Are AwesomeTests";
			productName = "You Are AwesomeTests";
			productReference = 30FC4AF82792331300D67A53 /* You Are AwesomeTests.xctest */;
			productType = "com.apple.product-type.bundle.unit-test";
		};
		30FC4B012792331300D67A53 /* You Are AwesomeUITests */ = {
			isa = PBXNativeTarget;
			buildConfigurationList = 30FC4B122792331300D67A53 /* Build configuration list for PBXNativeTarget "You Are AwesomeUITests" */;
			buildPhases = (
				30FC4AFE2792331300D67A53 /* Sources */,
				30FC4AFF2792331300D67A53 /* Frameworks */,
				30FC4B002792331300D67A53 /* Resources */,
			);
			buildRules = (
			);
			dependencies = (
				30FC4B042792331300D67A53 /* PBXTargetDependency */,
			);
			name = "You Are AwesomeUITests";
			productName = "You Are AwesomeUITests";
			productReference = 30FC4B022792331300D67A53 /* You Are AwesomeUITests.xctest */;
			productType = "com.apple.product-type.bundle.ui-testing";
		};
/* End PBXNativeTarget section */

/* Begin PBXProject section */
		30FC4ADA2792331200D67A53 /* Project object */ = {
			isa = PBXProject;
			attributes = {
				BuildIndependentTargetsInParallel = 1;
				LastSwiftUpdateCheck = 1320;
				LastUpgradeCheck = 1320;
				TargetAttributes = {
					30FC4AE12792331200D67A53 = {
						CreatedOnToolsVersion = 13.2.1;
					};
					30FC4AF72792331300D67A53 = {
						CreatedOnToolsVersion = 13.2.1;
						TestTargetID = 30FC4AE12792331200D67A53;
					};
					30FC4B012792331300D67A53 = {
						CreatedOnToolsVersion = 13.2.1;
						TestTargetID = 30FC4AE12792331200D67A53;
					};
				};
			};
			buildConfigurationList = 30FC4ADD2792331200D67A53 /* Build configuration list for PBXProject "You Are Awesome" */;
			compatibilityVersion = "Xcode 13.0";
			developmentRegion = en;
			hasScannedForEncodings = 0;
			knownRegions = (
				en,
				Base,
			);
			mainGroup = 30FC4AD92792331200D67A53;
			productRefGroup = 30FC4AE32792331200D67A53 /* Products */;
			projectDirPath = "";
			projectRoot = "";
			targets = (
				30FC4AE12792331200D67A53 /* You Are Awesome */,
				30FC4AF72792331300D67A53 /* You Are AwesomeTests */,
				30FC4B012792331300D67A53 /* You Are AwesomeUITests */,
			);
		};
/* End PBXProject section */

/* Begin PBXResourcesBuildPhase section */
		30FC4AE02792331200D67A53 /* Resources */ = {
			isa = PBXResourcesBuildPhase;
			buildActionMask = 2147483647;
			files = (
				30FC4AF22792331300D67A53 /* LaunchScreen.storyboard in Resources */,
				30FC4AEF2792331300D67A53 /* Assets.xcassets in Resources */,
				30FC4AED2792331200D67A53 /* Main.storyboard in Resources */,
			);
			runOnlyForDeploymentPostprocessing = 0;
		};
		30FC4AF62792331300D67A53 /* Resources */ = {
			isa = PBXResourcesBuildPhase;
			buildActionMask = 2147483647;
			files = (
			);
			runOnlyForDeploymentPostprocessing = 0;
		};
		30FC4B002792331300D67A53 /* Resources */ = {
			isa = PBXResourcesBuildPhase;
			buildActionMask = 2147483647;
			files = (
			);
			runOnlyForDeploymentPostprocessing = 0;
		};
/* End PBXResourcesBuildPhase section */

/* Begin PBXSourcesBuildPhase section */
		30FC4ADE2792331200D67A53 /* Sources */ = {
			isa = PBXSourcesBuildPhase;
			buildActionMask = 2147483647;
			files = (
				30FC4AEA2792331200D67A53 /* ViewController.swift in Sources */,
				30FC4AE62792331200D67A53 /* AppDelegate.swift in Sources */,
				30FC4AE82792331200D67A53 /* SceneDelegate.swift in Sources */,
			);
			runOnlyForDeploymentPostprocessing = 0;
		};
		30FC4AF42792331300D67A53 /* Sources */ = {
			isa = PBXSourcesBuildPhase;
			buildActionMask = 2147483647;
			files = (
				30FC4AFD2792331300D67A53 /* You_Are_AwesomeTests.swift in Sources */,
			);
			runOnlyForDeploymentPostprocessing = 0;
		};
		30FC4AFE2792331300D67A53 /* Sources */ = {
			isa = PBXSourcesBuildPhase;
			buildActionMask = 2147483647;
			files = (
				30FC4B072792331300D67A53 /* You_Are_AwesomeUITests.swift in Sources */,
				30FC4B092792331300D67A53 /* You_Are_AwesomeUITestsLaunchTests.swift in Sources */,
			);
			runOnlyForDeploymentPostprocessing = 0;
		};
/* End PBXSourcesBuildPhase section */

/* Begin PBXTargetDependency section */
		30FC4AFA2792331300D67A53 /* PBXTargetDependency */ = {
			isa = PBXTargetDependency;
			target = 30FC4AE12792331200D67A53 /* You Are Awesome */;
			targetProxy = 30FC4AF92792331300D67A53 /* PBXContainerItemProxy */;
		};
		30FC4B042792331300D67A53 /* PBXTargetDependency */ = {
			isa = PBXTargetDependency;
			target = 30FC4AE12792331200D67A53 /* You Are Awesome */;
			targetProxy = 30FC4B032792331300D67A53 /* PBXContainerItemProxy */;
		};
/* End PBXTargetDependency section */

/* Begin PBXVariantGroup section */
		30FC4AEB2792331200D67A53 /* Main.storyboard */ = {
			isa = PBXVariantGroup;
			children = (
				30FC4AEC2792331200D67A53 /* Base */,
			);
			name = Main.storyboard;
			sourceTree = "<group>";
		};
		30FC4AF02792331300D67A53 /* LaunchScreen.storyboard */ = {
			isa = PBXVariantGroup;
			children = (
				30FC4AF12792331300D67A53 /* Base */,
			);
			name = LaunchScreen.storyboard;
			sourceTree = "<group>";
		};
/* End PBXVariantGroup section */

/* Begin XCBuildConfiguration section */
		30FC4B0A2792331300D67A53 /* Debug */ = {
			isa = XCBuildConfiguration;
			buildSettings = {
				ALWAYS_SEARCH_USER_PATHS = NO;
				CLANG_ANALYZER_NONNULL = YES;
				CLANG_ANALYZER_NUMBER_OBJECT_CONVERSION = YES_AGGRESSIVE;
				CLANG_CXX_LANGUAGE_STANDARD = "gnu++17";
				CLANG_CXX_LIBRARY = "libc++";
				CLANG_ENABLE_MODULES = YES;
				CLANG_ENABLE_OBJC_ARC = YES;
				CLANG_ENABLE_OBJC_WEAK = YES;
				CLANG_WARN_BLOCK_CAPTURE_AUTORELEASING = YES;
				CLANG_WARN_BOOL_CONVERSION = YES;
				CLANG_WARN_COMMA = YES;
				CLANG_WARN_CONSTANT_CONVERSION = YES;
				CLANG_WARN_DEPRECATED_OBJC_IMPLEMENTATIONS = YES;
				CLANG_WARN_DIRECT_OBJC_ISA_USAGE = YES_ERROR;
				CLANG_WARN_DOCUMENTATION_COMMENTS = YES;
				CLANG_WARN_EMPTY_BODY = YES;
				CLANG_WARN_ENUM_CONVERSION = YES;
				CLANG_WARN_INFINITE_RECURSION = YES;
				CLANG_WARN_INT_CONVERSION = YES;
				CLANG_WARN_NON_LITERAL_NULL_CONVERSION = YES;
				CLANG_WARN_OBJC_IMPLICIT_RETAIN_SELF = YES;
				CLANG_WARN_OBJC_LITERAL_CONVERSION = YES;
				CLANG_WARN_OBJC_ROOT_CLASS = YES_ERROR;
				CLANG_WARN_QUOTED_INCLUDE_IN_FRAMEWORK_HEADER = YES;
				CLANG_WARN_RANGE_LOOP_ANALYSIS = YES;
				CLANG_WARN_STRICT_PROTOTYPES = YES;
				CLANG_WARN_SUSPICIOUS_MOVE = YES;
				CLANG_WARN_UNGUARDED_AVAILABILITY = YES_AGGRESSIVE;
				CLANG_WARN_UNREACHABLE_CODE = YES;
				CLANG_WARN__DUPLICATE_METHOD_MATCH = YES;
				COPY_PHASE_STRIP = NO;
				DEBUG_INFORMATION_FORMAT = dwarf;
				ENABLE_STRICT_OBJC_MSGSEND = YES;
				ENABLE_TESTABILITY = YES;
				GCC_C_LANGUAGE_STANDARD = gnu11;
				GCC_DYNAMIC_NO_PIC = NO;
				GCC_NO_COMMON_BLOCKS = YES;
				GCC_OPTIMIZATION_LEVEL = 0;
				GCC_PREPROCESSOR_DEFINITIONS = (
					"DEBUG=1",
					"$(inherited)",
				);
				GCC_WARN_64_TO_32_BIT_CONVERSION = YES;
				GCC_WARN_ABOUT_RETURN_TYPE = YES_ERROR;
				GCC_WARN_UNDECLARED_SELECTOR = YES;
				GCC_WARN_UNINITIALIZED_AUTOS = YES_AGGRESSIVE;
				GCC_WARN_UNUSED_FUNCTION = YES;
				GCC_WARN_UNUSED_VARIABLE = YES;
				IPHONEOS_DEPLOYMENT_TARGET = 15.2;
				MTL_ENABLE_DEBUG_INFO = INCLUDE_SOURCE;
				MTL_FAST_MATH = YES;
				ONLY_ACTIVE_ARCH = YES;
				SDKROOT = iphoneos;
				SWIFT_ACTIVE_COMPILATION_CONDITIONS = DEBUG;
				SWIFT_OPTIMIZATION_LEVEL = "-Onone";
			};
			name = Debug;
		};
		30FC4B0B2792331300D67A53 /* Release */ = {
			isa = XCBuildConfiguration;
			buildSettings = {
				ALWAYS_SEARCH_USER_PATHS = NO;
				CLANG_ANALYZER_NONNULL = YES;
				CLANG_ANALYZER_NUMBER_OBJECT_CONVERSION = YES_AGGRESSIVE;
				CLANG_CXX_LANGUAGE_STANDARD = "gnu++17";
				CLANG_CXX_LIBRARY = "libc++";
				CLANG_ENABLE_MODULES = YES;
				CLANG_ENABLE_OBJC_ARC = YES;
				CLANG_ENABLE_OBJC_WEAK = YES;
				CLANG_WARN_BLOCK_CAPTURE_AUTORELEASING = YES;
				CLANG_WARN_BOOL_CONVERSION = YES;
				CLANG_WARN_COMMA = YES;
				CLANG_WARN_CONSTANT_CONVERSION = YES;
				CLANG_WARN_DEPRECATED_OBJC_IMPLEMENTATIONS = YES;
				CLANG_WARN_DIRECT_OBJC_ISA_USAGE = YES_ERROR;
				CLANG_WARN_DOCUMENTATION_COMMENTS = YES;
				CLANG_WARN_EMPTY_BODY = YES;
				CLANG_WARN_ENUM_CONVERSION = YES;
				CLANG_WARN_INFINITE_RECURSION = YES;
				CLANG_WARN_INT_CONVERSION = YES;
				CLANG_WARN_NON_LITERAL_NULL_CONVERSION = YES;
				CLANG_WARN_OBJC_IMPLICIT_RETAIN_SELF = YES;
				CLANG_WARN_OBJC_LITERAL_CONVERSION = YES;
				CLANG_WARN_OBJC_ROOT_CLASS = YES_ERROR;
				CLANG_WARN_QUOTED_INCLUDE_IN_FRAMEWORK_HEADER = YES;
				CLANG_WARN_RANGE_LOOP_ANALYSIS = YES;
				CLANG_WARN_STRICT_PROTOTYPES = YES;
				CLANG_WARN_SUSPICIOUS_MOVE = YES;
				CLANG_WARN_UNGUARDED_AVAILABILITY = YES_AGGRESSIVE;
				CLANG_WARN_UNREACHABLE_CODE = YES;
				CLANG_WARN__DUPLICATE_METHOD_MATCH = YES;
				COPY_PHASE_STRIP = NO;
				DEBUG_INFORMATION_FORMAT = "dwarf-with-dsym";
				ENABLE_NS_ASSERTIONS = NO;
				ENABLE_STRICT_OBJC_MSGSEND = YES;
				GCC_C_LANGUAGE_STANDARD = gnu11;
				GCC_NO_COMMON_BLOCKS = YES;
				GCC_WARN_64_TO_32_BIT_CONVERSION = YES;
				GCC_WARN_ABOUT_RETURN_TYPE = YES_ERROR;
				GCC_WARN_UNDECLARED_SELECTOR = YES;
				GCC_WARN_UNINITIALIZED_AUTOS = YES_AGGRESSIVE;
				GCC_WARN_UNUSED_FUNCTION = YES;
				GCC_WARN_UNUSED_VARIABLE = YES;
				IPHONEOS_DEPLOYMENT_TARGET = 15.2;
				MTL_ENABLE_DEBUG_INFO = NO;
				MTL_FAST_MATH = YES;
				SDKROOT = iphoneos;
				SWIFT_COMPILATION_MODE = wholemodule;
				SWIFT_OPTIMIZATION_LEVEL = "-O";
				VALIDATE_PRODUCT = YES;
			};
			name = Release;
		};
		30FC4B0D2792331300D67A53 /* Debug */ = {
			isa = XCBuildConfiguration;
			buildSettings = {
				ASSETCATALOG_COMPILER_APPICON_NAME = AppIcon;
				ASSETCATALOG_COMPILER_GLOBAL_ACCENT_COLOR_NAME = AccentColor;
				CODE_SIGN_STYLE = Automatic;
				CURRENT_PROJECT_VERSION = 1;
				GENERATE_INFOPLIST_FILE = YES;
				INFOPLIST_FILE = "You Are Awesome/Info.plist";
				INFOPLIST_KEY_UIApplicationSupportsIndirectInputEvents = YES;
				INFOPLIST_KEY_UILaunchStoryboardName = LaunchScreen;
				INFOPLIST_KEY_UIMainStoryboardFile = Main;
				INFOPLIST_KEY_UISupportedInterfaceOrientations_iPad = "UIInterfaceOrientationPortrait UIInterfaceOrientationPortraitUpsideDown UIInterfaceOrientationLandscapeLeft UIInterfaceOrientationLandscapeRight";
				INFOPLIST_KEY_UISupportedInterfaceOrientations_iPhone = "UIInterfaceOrientationPortrait UIInterfaceOrientationLandscapeLeft UIInterfaceOrientationLandscapeRight";
				LD_RUNPATH_SEARCH_PATHS = (
					"$(inherited)",
					"@executable_path/Frameworks",
				);
				MARKETING_VERSION = 1.0;
				PRODUCT_BUNDLE_IDENTIFIER = "com.pickens.You-Are-Awesome";
				PRODUCT_NAME = "$(TARGET_NAME)";
				SWIFT_EMIT_LOC_STRINGS = YES;
				SWIFT_VERSION = 5.0;
				TARGETED_DEVICE_FAMILY = "1,2";
			};
			name = Debug;
		};
		30FC4B0E2792331300D67A53 /* Release */ = {
			isa = XCBuildConfiguration;
			buildSettings = {
				ASSETCATALOG_COMPILER_APPICON_NAME = AppIcon;
				ASSETCATALOG_COMPILER_GLOBAL_ACCENT_COLOR_NAME = AccentColor;
				CODE_SIGN_STYLE = Automatic;
				CURRENT_PROJECT_VERSION = 1;
				GENERATE_INFOPLIST_FILE = YES;
				INFOPLIST_FILE = "You Are Awesome/Info.plist";
				INFOPLIST_KEY_UIApplicationSupportsIndirectInputEvents = YES;
				INFOPLIST_KEY_UILaunchStoryboardName = LaunchScreen;
				INFOPLIST_KEY_UIMainStoryboardFile = Main;
				INFOPLIST_KEY_UISupportedInterfaceOrientations_iPad = "UIInterfaceOrientationPortrait UIInterfaceOrientationPortraitUpsideDown UIInterfaceOrientationLandscapeLeft UIInterfaceOrientationLandscapeRight";
				INFOPLIST_KEY_UISupportedInterfaceOrientations_iPhone = "UIInterfaceOrientationPortrait UIInterfaceOrientationLandscapeLeft UIInterfaceOrientationLandscapeRight";
				LD_RUNPATH_SEARCH_PATHS = (
					"$(inherited)",
					"@executable_path/Frameworks",
				);
				MARKETING_VERSION = 1.0;
				PRODUCT_BUNDLE_IDENTIFIER = "com.pickens.You-Are-Awesome";
				PRODUCT_NAME = "$(TARGET_NAME)";
				SWIFT_EMIT_LOC_STRINGS = YES;
				SWIFT_VERSION = 5.0;
				TARGETED_DEVICE_FAMILY = "1,2";
			};
			name = Release;
		};
		30FC4B102792331300D67A53 /* Debug */ = {
			isa = XCBuildConfiguration;
			buildSettings = {
				ALWAYS_EMBED_SWIFT_STANDARD_LIBRARIES = YES;
				BUNDLE_LOADER = "$(TEST_HOST)";
				CODE_SIGN_STYLE = Automatic;
				CURRENT_PROJECT_VERSION = 1;
				GENERATE_INFOPLIST_FILE = YES;
				IPHONEOS_DEPLOYMENT_TARGET = 15.2;
				MARKETING_VERSION = 1.0;
				PRODUCT_BUNDLE_IDENTIFIER = "com.pickens.You-Are-AwesomeTests";
				PRODUCT_NAME = "$(TARGET_NAME)";
				SWIFT_EMIT_LOC_STRINGS = NO;
				SWIFT_VERSION = 5.0;
				TARGETED_DEVICE_FAMILY = "1,2";
				TEST_HOST = "$(BUILT_PRODUCTS_DIR)/You Are Awesome.app/You Are Awesome";
			};
			name = Debug;
		};
		30FC4B112792331300D67A53 /* Release */ = {
			isa = XCBuildConfiguration;
			buildSettings = {
				ALWAYS_EMBED_SWIFT_STANDARD_LIBRARIES = YES;
				BUNDLE_LOADER = "$(TEST_HOST)";
				CODE_SIGN_STYLE = Automatic;
				CURRENT_PROJECT_VERSION = 1;
				GENERATE_INFOPLIST_FILE = YES;
				IPHONEOS_DEPLOYMENT_TARGET = 15.2;
				MARKETING_VERSION = 1.0;
				PRODUCT_BUNDLE_IDENTIFIER = "com.pickens.You-Are-AwesomeTests";
				PRODUCT_NAME = "$(TARGET_NAME)";
				SWIFT_EMIT_LOC_STRINGS = NO;
				SWIFT_VERSION = 5.0;
				TARGETED_DEVICE_FAMILY = "1,2";
				TEST_HOST = "$(BUILT_PRODUCTS_DIR)/You Are Awesome.app/You Are Awesome";
			};
			name = Release;
		};
		30FC4B132792331300D67A53 /* Debug */ = {
			isa = XCBuildConfiguration;
			buildSettings = {
				ALWAYS_EMBED_SWIFT_STANDARD_LIBRARIES = YES;
				CODE_SIGN_STYLE = Automatic;
				CURRENT_PROJECT_VERSION = 1;
				GENERATE_INFOPLIST_FILE = YES;
				MARKETING_VERSION = 1.0;
				PRODUCT_BUNDLE_IDENTIFIER = "com.pickens.You-Are-AwesomeUITests";
				PRODUCT_NAME = "$(TARGET_NAME)";
				SWIFT_EMIT_LOC_STRINGS = NO;
				SWIFT_VERSION = 5.0;
				TARGETED_DEVICE_FAMILY = "1,2";
				TEST_TARGET_NAME = "You Are Awesome";
			};
			name = Debug;
		};
		30FC4B142792331300D67A53 /* Release */ = {
			isa = XCBuildConfiguration;
			buildSettings = {
				ALWAYS_EMBED_SWIFT_STANDARD_LIBRARIES = YES;
				CODE_SIGN_STYLE = Automatic;
				CURRENT_PROJECT_VERSION = 1;
				GENERATE_INFOPLIST_FILE = YES;
				MARKETING_VERSION = 1.0;
				PRODUCT_BUNDLE_IDENTIFIER = "com.pickens.You-Are-AwesomeUITests";
				PRODUCT_NAME = "$(TARGET_NAME)";
				SWIFT_EMIT_LOC_STRINGS = NO;
				SWIFT_VERSION = 5.0;
				TARGETED_DEVICE_FAMILY = "1,2";
				TEST_TARGET_NAME = "You Are Awesome";
			};
			name = Release;
		};
/* End XCBuildConfiguration section */

/* Begin XCConfigurationList section */
		30FC4ADD2792331200D67A53 /* Build configuration list for PBXProject "You Are Awesome" */ = {
			isa = XCConfigurationList;
			buildConfigurations = (
				30FC4B0A2792331300D67A53 /* Debug */,
				30FC4B0B2792331300D67A53 /* Release */,
			);
			defaultConfigurationIsVisible = 0;
			defaultConfigurationName = Release;
		};
		30FC4B0C2792331300D67A53 /* Build configuration list for PBXNativeTarget "You Are Awesome" */ = {
			isa = XCConfigurationList;
			buildConfigurations = (
				30FC4B0D2792331300D67A53 /* Debug */,
				30FC4B0E2792331300D67A53 /* Release */,
			);
			defaultConfigurationIsVisible = 0;
			defaultConfigurationName = Release;
		};
		30FC4B0F2792331300D67A53 /* Build configuration list for PBXNativeTarget "You Are AwesomeTests" */ = {
			isa = XCConfigurationList;
			buildConfigurations = (
				30FC4B102792331300D67A53 /* Debug */,
				30FC4B112792331300D67A53 /* Release */,
			);
			defaultConfigurationIsVisible = 0;
			defaultConfigurationName = Release;
		};
		30FC4B122792331300D67A53 /* Build configuration list for PBXNativeTarget "You Are AwesomeUITests" */ = {
			isa = XCConfigurationList;
			buildConfigurations = (
				30FC4B132792331300D67A53 /* Debug */,
				30FC4B142792331300D67A53 /* Release */,
			);
			defaultConfigurationIsVisible = 0;
			defaultConfigurationName = Release;
		};
/* End XCConfigurationList section */
	};
	rootObject = 30FC4ADA2792331200D67A53 /* Project object */;
}
